# This file is automatically @generated by Cargo.
# It is not intended for manual editing.
version = 3

[[package]]
name = "balanced-binary-tree"
version = "0.1.0"

[[package]]
name = "best-time-to-buy-and-sell-stock"
version = "0.1.0"

[[package]]
name = "binary-tree-level-order-traversal"
version = "0.1.0"

[[package]]
name = "construct-binary-tree-from-preorder-and-inorder-traversal"
version = "0.1.0"

[[package]]
name = "evaluate-reverse-polish-notation"
version = "0.1.0"

[[package]]
name = "group-anagrams"
version = "0.1.0"

[[package]]
name = "kth-largest-element-in-a-stream"
version = "0.1.0"

[[package]]
name = "kth-largest-element-in-an-array"
version = "0.1.0"

[[package]]
name = "largest-rectangle-in-histogram"
version = "0.1.0"

[[package]]
name = "leetcode-tour"
version = "0.1.0"

[[package]]
name = "longest-consecutive-sequence"
version = "0.1.0"

[[package]]
name = "longest-substring-without-repeating-characters"
version = "0.1.0"

[[package]]
name = "lowest-common-ancestor-of-a-binary-search-tree"
version = "0.1.0"

[[package]]
name = "lru-cache"
version = "0.1.0"

[[package]]
name = "palindrome-number"
version = "0.1.0"

[[package]]
name = "permutation-in-string"
version = "0.1.0"

[[package]]
name = "remove-nth-node-from-end-of-list"
version = "0.1.0"

[[package]]
name = "reverse-linked-list"
version = "0.1.0"

[[package]]
name = "reverse-nodes-in-k-group"
version = "0.1.0"

[[package]]
name = "three-sum"
version = "0.1.0"

[[package]]
name = "trapping-rain-water"
version = "0.1.0"

[[package]]
name = "two-sum"
version = "0.1.0"

[[package]]
name = "valid-palindrome"
version = "0.1.0"

[[package]]
name = "valid-parentheses"
version = "0.1.0"

[[package]]
name = "validate-binary-search-tree"
version = "0.1.0"
